// !$*UTF8*$!
{
	archiveVersion = 1;
	classes = {
	};
	objectVersion = 50;
	objects = {

/* Begin PBXBuildFile section */
		DC279F2D249D7D6400B0A7A9 /* AppDelegate.swift in Sources */ = {isa = PBXBuildFile; fileRef = DC279F2C249D7D6400B0A7A9 /* AppDelegate.swift */; };
		DC279F2F249D7D6400B0A7A9 /* SceneDelegate.swift in Sources */ = {isa = PBXBuildFile; fileRef = DC279F2E249D7D6400B0A7A9 /* SceneDelegate.swift */; };
		DC279F32249D7D6400B0A7A9 /* Eventend.xcdatamodeld in Sources */ = {isa = PBXBuildFile; fileRef = DC279F30249D7D6400B0A7A9 /* Eventend.xcdatamodeld */; };
		DC279F34249D7D6400B0A7A9 /* ContentView.swift in Sources */ = {isa = PBXBuildFile; fileRef = DC279F33249D7D6400B0A7A9 /* ContentView.swift */; };
		DC279F36249D7D6600B0A7A9 /* Assets.xcassets in Resources */ = {isa = PBXBuildFile; fileRef = DC279F35249D7D6600B0A7A9 /* Assets.xcassets */; };
		DC279F39249D7D6600B0A7A9 /* Preview Assets.xcassets in Resources */ = {isa = PBXBuildFile; fileRef = DC279F38249D7D6600B0A7A9 /* Preview Assets.xcassets */; };
		DC279F3C249D7D6600B0A7A9 /* LaunchScreen.storyboard in Resources */ = {isa = PBXBuildFile; fileRef = DC279F3A249D7D6600B0A7A9 /* LaunchScreen.storyboard */; };
		DC279F44249D7DA300B0A7A9 /* NewEventView.swift in Sources */ = {isa = PBXBuildFile; fileRef = DC279F43249D7DA300B0A7A9 /* NewEventView.swift */; };
		DC279F4B249D7E0000B0A7A9 /* MainEventsTabView.swift in Sources */ = {isa = PBXBuildFile; fileRef = DC279F4A249D7E0000B0A7A9 /* MainEventsTabView.swift */; };
		DC279F4D249D7E1400B0A7A9 /* MyListsTabView.swift in Sources */ = {isa = PBXBuildFile; fileRef = DC279F4C249D7E1400B0A7A9 /* MyListsTabView.swift */; };
		DC279F4F249D7E9F00B0A7A9 /* Person.swift in Sources */ = {isa = PBXBuildFile; fileRef = DC279F4E249D7E9F00B0A7A9 /* Person.swift */; };
		DC279F51249E040C00B0A7A9 /* ThisList.swift in Sources */ = {isa = PBXBuildFile; fileRef = DC279F50249E040C00B0A7A9 /* ThisList.swift */; };
		DC279F5424A022BF00B0A7A9 /* PersonView.swift in Sources */ = {isa = PBXBuildFile; fileRef = DC279F5324A022BF00B0A7A9 /* PersonView.swift */; };
		DC279F5624A0312B00B0A7A9 /* ThisListView.swift in Sources */ = {isa = PBXBuildFile; fileRef = DC279F5524A0312B00B0A7A9 /* ThisListView.swift */; };
		DC279F5C24B5637700B0A7A9 /* PastEventsView.swift in Sources */ = {isa = PBXBuildFile; fileRef = DC279F5B24B5637700B0A7A9 /* PastEventsView.swift */; };
		DC279F6224B5961900B0A7A9 /* ThisEvent.swift in Sources */ = {isa = PBXBuildFile; fileRef = DC279F6124B5961900B0A7A9 /* ThisEvent.swift */; };
		DC279F6424B596AB00B0A7A9 /* ThisEventPerson.swift in Sources */ = {isa = PBXBuildFile; fileRef = DC279F6324B596AB00B0A7A9 /* ThisEventPerson.swift */; };
		DC279F6824B8538900B0A7A9 /* ThisEventView.swift in Sources */ = {isa = PBXBuildFile; fileRef = DC279F6724B8538900B0A7A9 /* ThisEventView.swift */; };
		DC279F6C24B8695E00B0A7A9 /* ColorManager.swift in Sources */ = {isa = PBXBuildFile; fileRef = DC279F6B24B8695E00B0A7A9 /* ColorManager.swift */; };
		DC279F6E24B916B000B0A7A9 /* NavBarModifier.swift in Sources */ = {isa = PBXBuildFile; fileRef = DC279F6D24B916B000B0A7A9 /* NavBarModifier.swift */; };
		DC279F7524B9774600B0A7A9 /* EventListView.swift in Sources */ = {isa = PBXBuildFile; fileRef = DC279F7424B9774600B0A7A9 /* EventListView.swift */; };
		DC279F7724B9786900B0A7A9 /* PastEventListView.swift in Sources */ = {isa = PBXBuildFile; fileRef = DC279F7624B9786900B0A7A9 /* PastEventListView.swift */; };
		DCA0D5482508576E0041F91A /* ViewRouter.swift in Sources */ = {isa = PBXBuildFile; fileRef = DCA0D5472508576E0041F91A /* ViewRouter.swift */; };
		DCA0D54B250858160041F91A /* GroupsView.swift in Sources */ = {isa = PBXBuildFile; fileRef = DCA0D54A250858160041F91A /* GroupsView.swift */; };
		DCA0D54D2508582D0041F91A /* TabsView.swift in Sources */ = {isa = PBXBuildFile; fileRef = DCA0D54C2508582D0041F91A /* TabsView.swift */; };
		DCD7125424BEE3FB00A3979F /* pubFunctions.swift in Sources */ = {isa = PBXBuildFile; fileRef = DCD7125324BEE3FB00A3979F /* pubFunctions.swift */; };
		DCD7125624BEE4B700A3979F /* NewListView.swift in Sources */ = {isa = PBXBuildFile; fileRef = DCD7125524BEE4B700A3979F /* NewListView.swift */; };
		DCD7125A24BFA62700A3979F /* HomeTabView.swift in Sources */ = {isa = PBXBuildFile; fileRef = DCD7125924BFA62700A3979F /* HomeTabView.swift */; };
		DCD7125D24BFA99500A3979F /* GroupStatsView.swift in Sources */ = {isa = PBXBuildFile; fileRef = DCD7125C24BFA99500A3979F /* GroupStatsView.swift */; };
		DCD7126124BFABFF00A3979F /* PersonStatsView.swift in Sources */ = {isa = PBXBuildFile; fileRef = DCD7126024BFABFF00A3979F /* PersonStatsView.swift */; };
		DCD7126324BFE07000A3979F /* GroupsBackButton.swift in Sources */ = {isa = PBXBuildFile; fileRef = DCD7126224BFE07000A3979F /* GroupsBackButton.swift */; };
		DCD7126624BFE4D700A3979F /* AddButtonView.swift in Sources */ = {isa = PBXBuildFile; fileRef = DCD7126524BFE4D700A3979F /* AddButtonView.swift */; };
		DCD7126824BFE66D00A3979F /* NewGroupView.swift in Sources */ = {isa = PBXBuildFile; fileRef = DCD7126724BFE66D00A3979F /* NewGroupView.swift */; };
		DCD7126B24BFE79600A3979F /* Group.swift in Sources */ = {isa = PBXBuildFile; fileRef = DCD7126A24BFE79600A3979F /* Group.swift */; };
		DCD7126D24C0FEC700A3979F /* AttendeeEventView.swift in Sources */ = {isa = PBXBuildFile; fileRef = DCD7126C24C0FEC700A3979F /* AttendeeEventView.swift */; };
		DCD7126F24C1572600A3979F /* GroupEventStatsView.swift in Sources */ = {isa = PBXBuildFile; fileRef = DCD7126E24C1572600A3979F /* GroupEventStatsView.swift */; };
		DCD7127124C16B1500A3979F /* EditButtonActionViews.swift in Sources */ = {isa = PBXBuildFile; fileRef = DCD7127024C16B1500A3979F /* EditButtonActionViews.swift */; };
		DCD7127324C24A9800A3979F /* ThisEventStatsView.swift in Sources */ = {isa = PBXBuildFile; fileRef = DCD7127224C24A9800A3979F /* ThisEventStatsView.swift */; };
		DCD7127524C26B6800A3979F /* AddButton.swift in Sources */ = {isa = PBXBuildFile; fileRef = DCD7127424C26B6800A3979F /* AddButton.swift */; };
		DCD7127724C627A900A3979F /* CopyButtonsView.swift in Sources */ = {isa = PBXBuildFile; fileRef = DCD7127624C627A900A3979F /* CopyButtonsView.swift */; };
		DCD7127924CA538500A3979F /* InfoButtonView.swift in Sources */ = {isa = PBXBuildFile; fileRef = DCD7127824CA538500A3979F /* InfoButtonView.swift */; };
		DCD7127B24CA6E3600A3979F /* NewUser.swift in Sources */ = {isa = PBXBuildFile; fileRef = DCD7127A24CA6E3600A3979F /* NewUser.swift */; };
		DCD7127D24CA8C3B00A3979F /* ImagePicker.swift in Sources */ = {isa = PBXBuildFile; fileRef = DCD7127C24CA8C3B00A3979F /* ImagePicker.swift */; };
/* End PBXBuildFile section */

/* Begin PBXFileReference section */
		DC279F29249D7D6400B0A7A9 /* Turnout Tracker.app */ = {isa = PBXFileReference; explicitFileType = wrapper.application; includeInIndex = 0; path = "Turnout Tracker.app"; sourceTree = BUILT_PRODUCTS_DIR; };
		DC279F2C249D7D6400B0A7A9 /* AppDelegate.swift */ = {isa = PBXFileReference; lastKnownFileType = sourcecode.swift; path = AppDelegate.swift; sourceTree = "<group>"; };
		DC279F2E249D7D6400B0A7A9 /* SceneDelegate.swift */ = {isa = PBXFileReference; lastKnownFileType = sourcecode.swift; path = SceneDelegate.swift; sourceTree = "<group>"; };
		DC279F31249D7D6400B0A7A9 /* Eventend.xcdatamodel */ = {isa = PBXFileReference; lastKnownFileType = wrapper.xcdatamodel; path = Eventend.xcdatamodel; sourceTree = "<group>"; };
		DC279F33249D7D6400B0A7A9 /* ContentView.swift */ = {isa = PBXFileReference; lastKnownFileType = sourcecode.swift; path = ContentView.swift; sourceTree = "<group>"; };
		DC279F35249D7D6600B0A7A9 /* Assets.xcassets */ = {isa = PBXFileReference; lastKnownFileType = folder.assetcatalog; path = Assets.xcassets; sourceTree = "<group>"; };
		DC279F38249D7D6600B0A7A9 /* Preview Assets.xcassets */ = {isa = PBXFileReference; lastKnownFileType = folder.assetcatalog; path = "Preview Assets.xcassets"; sourceTree = "<group>"; };
		DC279F3B249D7D6600B0A7A9 /* Base */ = {isa = PBXFileReference; lastKnownFileType = file.storyboard; name = Base; path = Base.lproj/LaunchScreen.storyboard; sourceTree = "<group>"; };
		DC279F3D249D7D6600B0A7A9 /* Info.plist */ = {isa = PBXFileReference; lastKnownFileType = text.plist.xml; path = Info.plist; sourceTree = "<group>"; };
		DC279F43249D7DA300B0A7A9 /* NewEventView.swift */ = {isa = PBXFileReference; lastKnownFileType = sourcecode.swift; path = NewEventView.swift; sourceTree = "<group>"; };
		DC279F4A249D7E0000B0A7A9 /* MainEventsTabView.swift */ = {isa = PBXFileReference; lastKnownFileType = sourcecode.swift; path = MainEventsTabView.swift; sourceTree = "<group>"; };
		DC279F4C249D7E1400B0A7A9 /* MyListsTabView.swift */ = {isa = PBXFileReference; lastKnownFileType = sourcecode.swift; path = MyListsTabView.swift; sourceTree = "<group>"; };
		DC279F4E249D7E9F00B0A7A9 /* Person.swift */ = {isa = PBXFileReference; lastKnownFileType = sourcecode.swift; path = Person.swift; sourceTree = "<group>"; };
		DC279F50249E040C00B0A7A9 /* ThisList.swift */ = {isa = PBXFileReference; lastKnownFileType = sourcecode.swift; path = ThisList.swift; sourceTree = "<group>"; };
		DC279F5324A022BF00B0A7A9 /* PersonView.swift */ = {isa = PBXFileReference; lastKnownFileType = sourcecode.swift; path = PersonView.swift; sourceTree = "<group>"; };
		DC279F5524A0312B00B0A7A9 /* ThisListView.swift */ = {isa = PBXFileReference; lastKnownFileType = sourcecode.swift; path = ThisListView.swift; sourceTree = "<group>"; };
		DC279F5B24B5637700B0A7A9 /* PastEventsView.swift */ = {isa = PBXFileReference; lastKnownFileType = sourcecode.swift; path = PastEventsView.swift; sourceTree = "<group>"; };
		DC279F6124B5961900B0A7A9 /* ThisEvent.swift */ = {isa = PBXFileReference; lastKnownFileType = sourcecode.swift; path = ThisEvent.swift; sourceTree = "<group>"; };
		DC279F6324B596AB00B0A7A9 /* ThisEventPerson.swift */ = {isa = PBXFileReference; lastKnownFileType = sourcecode.swift; path = ThisEventPerson.swift; sourceTree = "<group>"; };
		DC279F6724B8538900B0A7A9 /* ThisEventView.swift */ = {isa = PBXFileReference; lastKnownFileType = sourcecode.swift; path = ThisEventView.swift; sourceTree = "<group>"; };
		DC279F6B24B8695E00B0A7A9 /* ColorManager.swift */ = {isa = PBXFileReference; lastKnownFileType = sourcecode.swift; path = ColorManager.swift; sourceTree = "<group>"; };
		DC279F6D24B916B000B0A7A9 /* NavBarModifier.swift */ = {isa = PBXFileReference; lastKnownFileType = sourcecode.swift; path = NavBarModifier.swift; sourceTree = "<group>"; };
		DC279F7424B9774600B0A7A9 /* EventListView.swift */ = {isa = PBXFileReference; lastKnownFileType = sourcecode.swift; path = EventListView.swift; sourceTree = "<group>"; };
		DC279F7624B9786900B0A7A9 /* PastEventListView.swift */ = {isa = PBXFileReference; lastKnownFileType = sourcecode.swift; path = PastEventListView.swift; sourceTree = "<group>"; };
		DCA0D5472508576E0041F91A /* ViewRouter.swift */ = {isa = PBXFileReference; lastKnownFileType = sourcecode.swift; path = ViewRouter.swift; sourceTree = "<group>"; };
		DCA0D54A250858160041F91A /* GroupsView.swift */ = {isa = PBXFileReference; lastKnownFileType = sourcecode.swift; path = GroupsView.swift; sourceTree = "<group>"; };
		DCA0D54C2508582D0041F91A /* TabsView.swift */ = {isa = PBXFileReference; lastKnownFileType = sourcecode.swift; path = TabsView.swift; sourceTree = "<group>"; };
		DCD7125324BEE3FB00A3979F /* pubFunctions.swift */ = {isa = PBXFileReference; lastKnownFileType = sourcecode.swift; path = pubFunctions.swift; sourceTree = "<group>"; };
		DCD7125524BEE4B700A3979F /* NewListView.swift */ = {isa = PBXFileReference; lastKnownFileType = sourcecode.swift; path = NewListView.swift; sourceTree = "<group>"; };
		DCD7125924BFA62700A3979F /* HomeTabView.swift */ = {isa = PBXFileReference; lastKnownFileType = sourcecode.swift; path = HomeTabView.swift; sourceTree = "<group>"; };
		DCD7125C24BFA99500A3979F /* GroupStatsView.swift */ = {isa = PBXFileReference; lastKnownFileType = sourcecode.swift; path = GroupStatsView.swift; sourceTree = "<group>"; };
		DCD7126024BFABFF00A3979F /* PersonStatsView.swift */ = {isa = PBXFileReference; lastKnownFileType = sourcecode.swift; path = PersonStatsView.swift; sourceTree = "<group>"; };
		DCD7126224BFE07000A3979F /* GroupsBackButton.swift */ = {isa = PBXFileReference; lastKnownFileType = sourcecode.swift; path = GroupsBackButton.swift; sourceTree = "<group>"; };
		DCD7126524BFE4D700A3979F /* AddButtonView.swift */ = {isa = PBXFileReference; lastKnownFileType = sourcecode.swift; path = AddButtonView.swift; sourceTree = "<group>"; };
		DCD7126724BFE66D00A3979F /* NewGroupView.swift */ = {isa = PBXFileReference; lastKnownFileType = sourcecode.swift; path = NewGroupView.swift; sourceTree = "<group>"; };
		DCD7126A24BFE79600A3979F /* Group.swift */ = {isa = PBXFileReference; lastKnownFileType = sourcecode.swift; path = Group.swift; sourceTree = "<group>"; };
		DCD7126C24C0FEC700A3979F /* AttendeeEventView.swift */ = {isa = PBXFileReference; lastKnownFileType = sourcecode.swift; path = AttendeeEventView.swift; sourceTree = "<group>"; };
		DCD7126E24C1572600A3979F /* GroupEventStatsView.swift */ = {isa = PBXFileReference; lastKnownFileType = sourcecode.swift; path = GroupEventStatsView.swift; sourceTree = "<group>"; };
		DCD7127024C16B1500A3979F /* EditButtonActionViews.swift */ = {isa = PBXFileReference; lastKnownFileType = sourcecode.swift; path = EditButtonActionViews.swift; sourceTree = "<group>"; };
		DCD7127224C24A9800A3979F /* ThisEventStatsView.swift */ = {isa = PBXFileReference; lastKnownFileType = sourcecode.swift; path = ThisEventStatsView.swift; sourceTree = "<group>"; };
		DCD7127424C26B6800A3979F /* AddButton.swift */ = {isa = PBXFileReference; lastKnownFileType = sourcecode.swift; path = AddButton.swift; sourceTree = "<group>"; };
		DCD7127624C627A900A3979F /* CopyButtonsView.swift */ = {isa = PBXFileReference; lastKnownFileType = sourcecode.swift; path = CopyButtonsView.swift; sourceTree = "<group>"; };
		DCD7127824CA538500A3979F /* InfoButtonView.swift */ = {isa = PBXFileReference; lastKnownFileType = sourcecode.swift; path = InfoButtonView.swift; sourceTree = "<group>"; };
		DCD7127A24CA6E3600A3979F /* NewUser.swift */ = {isa = PBXFileReference; lastKnownFileType = sourcecode.swift; path = NewUser.swift; sourceTree = "<group>"; };
		DCD7127C24CA8C3B00A3979F /* ImagePicker.swift */ = {isa = PBXFileReference; lastKnownFileType = sourcecode.swift; path = ImagePicker.swift; sourceTree = "<group>"; };
/* End PBXFileReference section */

/* Begin PBXFrameworksBuildPhase section */
		DC279F26249D7D6400B0A7A9 /* Frameworks */ = {
			isa = PBXFrameworksBuildPhase;
			buildActionMask = 2147483647;
			files = (
			);
			runOnlyForDeploymentPostprocessing = 0;
		};
/* End PBXFrameworksBuildPhase section */

/* Begin PBXGroup section */
		DC279F20249D7D6400B0A7A9 = {
			isa = PBXGroup;
			children = (
				DC279F2B249D7D6400B0A7A9 /* Turnout Tracker */,
				DC279F2A249D7D6400B0A7A9 /* Products */,
			);
			sourceTree = "<group>";
		};
		DC279F2A249D7D6400B0A7A9 /* Products */ = {
			isa = PBXGroup;
			children = (
				DC279F29249D7D6400B0A7A9 /* Turnout Tracker.app */,
			);
			name = Products;
			sourceTree = "<group>";
		};
		DC279F2B249D7D6400B0A7A9 /* Turnout Tracker */ = {
			isa = PBXGroup;
			children = (
				DC279F2C249D7D6400B0A7A9 /* AppDelegate.swift */,
				DC279F2E249D7D6400B0A7A9 /* SceneDelegate.swift */,
				DCA0D549250857F80041F91A /* Content View */,
				DCD7127A24CA6E3600A3979F /* NewUser.swift */,
				DCD7127C24CA8C3B00A3979F /* ImagePicker.swift */,
				DCD7126924BFE71A00A3979F /* General Structs and Funcs */,
				DCD7126424BFE25F00A3979F /* Home View */,
				DCD7125B24BFA97D00A3979F /* Group Tab View */,
				DC279F5924B55E6500B0A7A9 /* Event Tab Views */,
				DC279F5A24B55EA700B0A7A9 /* List Tab View */,
				DC279F52249E071200B0A7A9 /* Data */,
				DC279F47249D7DDC00B0A7A9 /* Main Tabs */,
				DC279F35249D7D6600B0A7A9 /* Assets.xcassets */,
				DC279F3A249D7D6600B0A7A9 /* LaunchScreen.storyboard */,
				DC279F3D249D7D6600B0A7A9 /* Info.plist */,
				DC279F30249D7D6400B0A7A9 /* Eventend.xcdatamodeld */,
				DC279F37249D7D6600B0A7A9 /* Preview Content */,
			);
			path = "Turnout Tracker";
			sourceTree = "<group>";
		};
		DC279F37249D7D6600B0A7A9 /* Preview Content */ = {
			isa = PBXGroup;
			children = (
				DC279F38249D7D6600B0A7A9 /* Preview Assets.xcassets */,
			);
			path = "Preview Content";
			sourceTree = "<group>";
		};
		DC279F47249D7DDC00B0A7A9 /* Main Tabs */ = {
			isa = PBXGroup;
			children = (
				DCD7125924BFA62700A3979F /* HomeTabView.swift */,
				DC279F4A249D7E0000B0A7A9 /* MainEventsTabView.swift */,
				DC279F4C249D7E1400B0A7A9 /* MyListsTabView.swift */,
			);
			path = "Main Tabs";
			sourceTree = "<group>";
		};
		DC279F52249E071200B0A7A9 /* Data */ = {
			isa = PBXGroup;
			children = (
				DC279F4E249D7E9F00B0A7A9 /* Person.swift */,
				DCD7126A24BFE79600A3979F /* Group.swift */,
				DC279F50249E040C00B0A7A9 /* ThisList.swift */,
				DC279F6124B5961900B0A7A9 /* ThisEvent.swift */,
				DC279F6324B596AB00B0A7A9 /* ThisEventPerson.swift */,
			);
			path = Data;
			sourceTree = "<group>";
		};
		DC279F5924B55E6500B0A7A9 /* Event Tab Views */ = {
			isa = PBXGroup;
			children = (
				DC279F43249D7DA300B0A7A9 /* NewEventView.swift */,
				DC279F6724B8538900B0A7A9 /* ThisEventView.swift */,
				DCD7127224C24A9800A3979F /* ThisEventStatsView.swift */,
				DC279F5B24B5637700B0A7A9 /* PastEventsView.swift */,
				DC279F7324B9752900B0A7A9 /* ListViews */,
			);
			path = "Event Tab Views";
			sourceTree = "<group>";
		};
		DC279F5A24B55EA700B0A7A9 /* List Tab View */ = {
			isa = PBXGroup;
			children = (
				DCD7125524BEE4B700A3979F /* NewListView.swift */,
				DC279F5524A0312B00B0A7A9 /* ThisListView.swift */,
				DC279F5324A022BF00B0A7A9 /* PersonView.swift */,
			);
			path = "List Tab View";
			sourceTree = "<group>";
		};
		DC279F7324B9752900B0A7A9 /* ListViews */ = {
			isa = PBXGroup;
			children = (
				DC279F7424B9774600B0A7A9 /* EventListView.swift */,
				DC279F7624B9786900B0A7A9 /* PastEventListView.swift */,
			);
			path = ListViews;
			sourceTree = "<group>";
		};
		DCA0D549250857F80041F91A /* Content View */ = {
			isa = PBXGroup;
			children = (
				DC279F33249D7D6400B0A7A9 /* ContentView.swift */,
				DCA0D54A250858160041F91A /* GroupsView.swift */,
				DCA0D54C2508582D0041F91A /* TabsView.swift */,
			);
			path = "Content View";
			sourceTree = "<group>";
		};
		DCD7125B24BFA97D00A3979F /* Group Tab View */ = {
			isa = PBXGroup;
			children = (
				DCD7125C24BFA99500A3979F /* GroupStatsView.swift */,
				DCD7126E24C1572600A3979F /* GroupEventStatsView.swift */,
				DCD7126024BFABFF00A3979F /* PersonStatsView.swift */,
				DCD7126C24C0FEC700A3979F /* AttendeeEventView.swift */,
			);
			path = "Group Tab View";
			sourceTree = "<group>";
		};
		DCD7126424BFE25F00A3979F /* Home View */ = {
			isa = PBXGroup;
			children = (
				DCD7126224BFE07000A3979F /* GroupsBackButton.swift */,
				DCD7126724BFE66D00A3979F /* NewGroupView.swift */,
			);
			path = "Home View";
			sourceTree = "<group>";
		};
		DCD7126924BFE71A00A3979F /* General Structs and Funcs */ = {
			isa = PBXGroup;
			children = (
				DC279F6B24B8695E00B0A7A9 /* ColorManager.swift */,
				DC279F6D24B916B000B0A7A9 /* NavBarModifier.swift */,
				DCD7125324BEE3FB00A3979F /* pubFunctions.swift */,
				DCD7126524BFE4D700A3979F /* AddButtonView.swift */,
				DCD7127424C26B6800A3979F /* AddButton.swift */,
				DCD7127024C16B1500A3979F /* EditButtonActionViews.swift */,
				DCD7127624C627A900A3979F /* CopyButtonsView.swift */,
				DCD7127824CA538500A3979F /* InfoButtonView.swift */,
				DCA0D5472508576E0041F91A /* ViewRouter.swift */,
			);
			path = "General Structs and Funcs";
			sourceTree = "<group>";
		};
/* End PBXGroup section */

/* Begin PBXNativeTarget section */
		DC279F28249D7D6400B0A7A9 /* Turnout Tracker */ = {
			isa = PBXNativeTarget;
			buildConfigurationList = DC279F40249D7D6600B0A7A9 /* Build configuration list for PBXNativeTarget "Turnout Tracker" */;
			buildPhases = (
				DC279F25249D7D6400B0A7A9 /* Sources */,
				DC279F26249D7D6400B0A7A9 /* Frameworks */,
				DC279F27249D7D6400B0A7A9 /* Resources */,
			);
			buildRules = (
			);
			dependencies = (
			);
			name = "Turnout Tracker";
			productName = Eventend;
			productReference = DC279F29249D7D6400B0A7A9 /* Turnout Tracker.app */;
			productType = "com.apple.product-type.application";
		};
/* End PBXNativeTarget section */

/* Begin PBXProject section */
		DC279F21249D7D6400B0A7A9 /* Project object */ = {
			isa = PBXProject;
			attributes = {
				LastSwiftUpdateCheck = 1150;
				LastUpgradeCheck = 1150;
				ORGANIZATIONNAME = "Stephen Boussarov";
				TargetAttributes = {
					DC279F28249D7D6400B0A7A9 = {
						CreatedOnToolsVersion = 11.5;
					};
				};
			};
			buildConfigurationList = DC279F24249D7D6400B0A7A9 /* Build configuration list for PBXProject "Turnout Tracker" */;
			compatibilityVersion = "Xcode 9.3";
			developmentRegion = en;
			hasScannedForEncodings = 0;
			knownRegions = (
				en,
				Base,
			);
			mainGroup = DC279F20249D7D6400B0A7A9;
			productRefGroup = DC279F2A249D7D6400B0A7A9 /* Products */;
			projectDirPath = "";
			projectRoot = "";
			targets = (
				DC279F28249D7D6400B0A7A9 /* Turnout Tracker */,
			);
		};
/* End PBXProject section */

/* Begin PBXResourcesBuildPhase section */
		DC279F27249D7D6400B0A7A9 /* Resources */ = {
			isa = PBXResourcesBuildPhase;
			buildActionMask = 2147483647;
			files = (
				DC279F3C249D7D6600B0A7A9 /* LaunchScreen.storyboard in Resources */,
				DC279F39249D7D6600B0A7A9 /* Preview Assets.xcassets in Resources */,
				DC279F36249D7D6600B0A7A9 /* Assets.xcassets in Resources */,
			);
			runOnlyForDeploymentPostprocessing = 0;
		};
/* End PBXResourcesBuildPhase section */

/* Begin PBXSourcesBuildPhase section */
		DC279F25249D7D6400B0A7A9 /* Sources */ = {
			isa = PBXSourcesBuildPhase;
			buildActionMask = 2147483647;
			files = (
				DC279F4F249D7E9F00B0A7A9 /* Person.swift in Sources */,
				DCD7126124BFABFF00A3979F /* PersonStatsView.swift in Sources */,
				DCD7126D24C0FEC700A3979F /* AttendeeEventView.swift in Sources */,
				DCD7127724C627A900A3979F /* CopyButtonsView.swift in Sources */,
				DC279F4D249D7E1400B0A7A9 /* MyListsTabView.swift in Sources */,
				DC279F6224B5961900B0A7A9 /* ThisEvent.swift in Sources */,
				DC279F2D249D7D6400B0A7A9 /* AppDelegate.swift in Sources */,
				DCD7127524C26B6800A3979F /* AddButton.swift in Sources */,
				DCD7127D24CA8C3B00A3979F /* ImagePicker.swift in Sources */,
				DC279F32249D7D6400B0A7A9 /* Eventend.xcdatamodeld in Sources */,
				DCD7125A24BFA62700A3979F /* HomeTabView.swift in Sources */,
				DCA0D5482508576E0041F91A /* ViewRouter.swift in Sources */,
				DCD7126B24BFE79600A3979F /* Group.swift in Sources */,
				DC279F6424B596AB00B0A7A9 /* ThisEventPerson.swift in Sources */,
				DCA0D54D2508582D0041F91A /* TabsView.swift in Sources */,
				DCD7125D24BFA99500A3979F /* GroupStatsView.swift in Sources */,
				DCD7127B24CA6E3600A3979F /* NewUser.swift in Sources */,
				DC279F5624A0312B00B0A7A9 /* ThisListView.swift in Sources */,
				DC279F34249D7D6400B0A7A9 /* ContentView.swift in Sources */,
				DCD7126F24C1572600A3979F /* GroupEventStatsView.swift in Sources */,
				DC279F6C24B8695E00B0A7A9 /* ColorManager.swift in Sources */,
				DC279F51249E040C00B0A7A9 /* ThisList.swift in Sources */,
				DC279F7724B9786900B0A7A9 /* PastEventListView.swift in Sources */,
				DCD7127124C16B1500A3979F /* EditButtonActionViews.swift in Sources */,
				DCD7126624BFE4D700A3979F /* AddButtonView.swift in Sources */,
				DC279F5C24B5637700B0A7A9 /* PastEventsView.swift in Sources */,
				DC279F6824B8538900B0A7A9 /* ThisEventView.swift in Sources */,
				DCD7125624BEE4B700A3979F /* NewListView.swift in Sources */,
				DCA0D54B250858160041F91A /* GroupsView.swift in Sources */,
				DCD7125424BEE3FB00A3979F /* pubFunctions.swift in Sources */,
				DCD7127324C24A9800A3979F /* ThisEventStatsView.swift in Sources */,
				DCD7126824BFE66D00A3979F /* NewGroupView.swift in Sources */,
				DC279F44249D7DA300B0A7A9 /* NewEventView.swift in Sources */,
				DC279F7524B9774600B0A7A9 /* EventListView.swift in Sources */,
				DC279F5424A022BF00B0A7A9 /* PersonView.swift in Sources */,
				DCD7126324BFE07000A3979F /* GroupsBackButton.swift in Sources */,
				DC279F6E24B916B000B0A7A9 /* NavBarModifier.swift in Sources */,
				DCD7127924CA538500A3979F /* InfoButtonView.swift in Sources */,
				DC279F2F249D7D6400B0A7A9 /* SceneDelegate.swift in Sources */,
				DC279F4B249D7E0000B0A7A9 /* MainEventsTabView.swift in Sources */,
			);
			runOnlyForDeploymentPostprocessing = 0;
		};
/* End PBXSourcesBuildPhase section */

/* Begin PBXVariantGroup section */
		DC279F3A249D7D6600B0A7A9 /* LaunchScreen.storyboard */ = {
			isa = PBXVariantGroup;
			children = (
				DC279F3B249D7D6600B0A7A9 /* Base */,
			);
			name = LaunchScreen.storyboard;
			sourceTree = "<group>";
		};
/* End PBXVariantGroup section */

/* Begin XCBuildConfiguration section */
		DC279F3E249D7D6600B0A7A9 /* Debug */ = {
			isa = XCBuildConfiguration;
			buildSettings = {
				ALWAYS_SEARCH_USER_PATHS = NO;
				CLANG_ANALYZER_NONNULL = YES;
				CLANG_ANALYZER_NUMBER_OBJECT_CONVERSION = YES_AGGRESSIVE;
				CLANG_CXX_LANGUAGE_STANDARD = "gnu++14";
				CLANG_CXX_LIBRARY = "libc++";
				CLANG_ENABLE_MODULES = YES;
				CLANG_ENABLE_OBJC_ARC = YES;
				CLANG_ENABLE_OBJC_WEAK = YES;
				CLANG_WARN_BLOCK_CAPTURE_AUTORELEASING = YES;
				CLANG_WARN_BOOL_CONVERSION = YES;
				CLANG_WARN_COMMA = YES;
				CLANG_WARN_CONSTANT_CONVERSION = YES;
				CLANG_WARN_DEPRECATED_OBJC_IMPLEMENTATIONS = YES;
				CLANG_WARN_DIRECT_OBJC_ISA_USAGE = YES_ERROR;
				CLANG_WARN_DOCUMENTATION_COMMENTS = YES;
				CLANG_WARN_EMPTY_BODY = YES;
				CLANG_WARN_ENUM_CONVERSION = YES;
				CLANG_WARN_INFINITE_RECURSION = YES;
				CLANG_WARN_INT_CONVERSION = YES;
				CLANG_WARN_NON_LITERAL_NULL_CONVERSION = YES;
				CLANG_WARN_OBJC_IMPLICIT_RETAIN_SELF = YES;
				CLANG_WARN_OBJC_LITERAL_CONVERSION = YES;
				CLANG_WARN_OBJC_ROOT_CLASS = YES_ERROR;
				CLANG_WARN_RANGE_LOOP_ANALYSIS = YES;
				CLANG_WARN_STRICT_PROTOTYPES = YES;
				CLANG_WARN_SUSPICIOUS_MOVE = YES;
				CLANG_WARN_UNGUARDED_AVAILABILITY = YES_AGGRESSIVE;
				CLANG_WARN_UNREACHABLE_CODE = YES;
				CLANG_WARN__DUPLICATE_METHOD_MATCH = YES;
				COPY_PHASE_STRIP = NO;
				DEBUG_INFORMATION_FORMAT = dwarf;
				ENABLE_STRICT_OBJC_MSGSEND = YES;
				ENABLE_TESTABILITY = YES;
				GCC_C_LANGUAGE_STANDARD = gnu11;
				GCC_DYNAMIC_NO_PIC = NO;
				GCC_NO_COMMON_BLOCKS = YES;
				GCC_OPTIMIZATION_LEVEL = 0;
				GCC_PREPROCESSOR_DEFINITIONS = (
					"DEBUG=1",
					"$(inherited)",
				);
				GCC_WARN_64_TO_32_BIT_CONVERSION = YES;
				GCC_WARN_ABOUT_RETURN_TYPE = YES_ERROR;
				GCC_WARN_UNDECLARED_SELECTOR = YES;
				GCC_WARN_UNINITIALIZED_AUTOS = YES_AGGRESSIVE;
				GCC_WARN_UNUSED_FUNCTION = YES;
				GCC_WARN_UNUSED_VARIABLE = YES;
				IPHONEOS_DEPLOYMENT_TARGET = 13.5;
				MTL_ENABLE_DEBUG_INFO = INCLUDE_SOURCE;
				MTL_FAST_MATH = YES;
				ONLY_ACTIVE_ARCH = YES;
				SDKROOT = iphoneos;
				SWIFT_ACTIVE_COMPILATION_CONDITIONS = DEBUG;
				SWIFT_OPTIMIZATION_LEVEL = "-Onone";
			};
			name = Debug;
		};
		DC279F3F249D7D6600B0A7A9 /* Release */ = {
			isa = XCBuildConfiguration;
			buildSettings = {
				ALWAYS_SEARCH_USER_PATHS = NO;
				CLANG_ANALYZER_NONNULL = YES;
				CLANG_ANALYZER_NUMBER_OBJECT_CONVERSION = YES_AGGRESSIVE;
				CLANG_CXX_LANGUAGE_STANDARD = "gnu++14";
				CLANG_CXX_LIBRARY = "libc++";
				CLANG_ENABLE_MODULES = YES;
				CLANG_ENABLE_OBJC_ARC = YES;
				CLANG_ENABLE_OBJC_WEAK = YES;
				CLANG_WARN_BLOCK_CAPTURE_AUTORELEASING = YES;
				CLANG_WARN_BOOL_CONVERSION = YES;
				CLANG_WARN_COMMA = YES;
				CLANG_WARN_CONSTANT_CONVERSION = YES;
				CLANG_WARN_DEPRECATED_OBJC_IMPLEMENTATIONS = YES;
				CLANG_WARN_DIRECT_OBJC_ISA_USAGE = YES_ERROR;
				CLANG_WARN_DOCUMENTATION_COMMENTS = YES;
				CLANG_WARN_EMPTY_BODY = YES;
				CLANG_WARN_ENUM_CONVERSION = YES;
				CLANG_WARN_INFINITE_RECURSION = YES;
				CLANG_WARN_INT_CONVERSION = YES;
				CLANG_WARN_NON_LITERAL_NULL_CONVERSION = YES;
				CLANG_WARN_OBJC_IMPLICIT_RETAIN_SELF = YES;
				CLANG_WARN_OBJC_LITERAL_CONVERSION = YES;
				CLANG_WARN_OBJC_ROOT_CLASS = YES_ERROR;
				CLANG_WARN_RANGE_LOOP_ANALYSIS = YES;
				CLANG_WARN_STRICT_PROTOTYPES = YES;
				CLANG_WARN_SUSPICIOUS_MOVE = YES;
				CLANG_WARN_UNGUARDED_AVAILABILITY = YES_AGGRESSIVE;
				CLANG_WARN_UNREACHABLE_CODE = YES;
				CLANG_WARN__DUPLICATE_METHOD_MATCH = YES;
				COPY_PHASE_STRIP = NO;
				DEBUG_INFORMATION_FORMAT = "dwarf-with-dsym";
				ENABLE_NS_ASSERTIONS = NO;
				ENABLE_STRICT_OBJC_MSGSEND = YES;
				GCC_C_LANGUAGE_STANDARD = gnu11;
				GCC_NO_COMMON_BLOCKS = YES;
				GCC_WARN_64_TO_32_BIT_CONVERSION = YES;
				GCC_WARN_ABOUT_RETURN_TYPE = YES_ERROR;
				GCC_WARN_UNDECLARED_SELECTOR = YES;
				GCC_WARN_UNINITIALIZED_AUTOS = YES_AGGRESSIVE;
				GCC_WARN_UNUSED_FUNCTION = YES;
				GCC_WARN_UNUSED_VARIABLE = YES;
				IPHONEOS_DEPLOYMENT_TARGET = 13.5;
				MTL_ENABLE_DEBUG_INFO = NO;
				MTL_FAST_MATH = YES;
				SDKROOT = iphoneos;
				SWIFT_COMPILATION_MODE = wholemodule;
				SWIFT_OPTIMIZATION_LEVEL = "-O";
				VALIDATE_PRODUCT = YES;
			};
			name = Release;
		};
		DC279F41249D7D6600B0A7A9 /* Debug */ = {
			isa = XCBuildConfiguration;
			buildSettings = {
				ASSETCATALOG_COMPILER_APPICON_NAME = AppIcon;
				CODE_SIGN_STYLE = Automatic;
				DEVELOPMENT_ASSET_PATHS = "\"Turnout Tracker/Preview Content\"";
				DEVELOPMENT_TEAM = 8CTLS6Z36L;
				ENABLE_PREVIEWS = YES;
				INFOPLIST_FILE = "Turnout Tracker/Info.plist";
				LD_RUNPATH_SEARCH_PATHS = (
					"$(inherited)",
					"@executable_path/Frameworks",
				);
				PRODUCT_BUNDLE_IDENTIFIER = "com.Delta-Develop.TurnoutTracker";
				PRODUCT_NAME = "$(TARGET_NAME)";
				SWIFT_VERSION = 5.0;
				TARGETED_DEVICE_FAMILY = 1;
			};
			name = Debug;
		};
		DC279F42249D7D6600B0A7A9 /* Release */ = {
			isa = XCBuildConfiguration;
			buildSettings = {
				ASSETCATALOG_COMPILER_APPICON_NAME = AppIcon;
				CODE_SIGN_STYLE = Automatic;
				DEVELOPMENT_ASSET_PATHS = "\"Turnout Tracker/Preview Content\"";
				DEVELOPMENT_TEAM = 8CTLS6Z36L;
				ENABLE_PREVIEWS = YES;
				INFOPLIST_FILE = "Turnout Tracker/Info.plist";
				LD_RUNPATH_SEARCH_PATHS = (
					"$(inherited)",
					"@executable_path/Frameworks",
				);
				PRODUCT_BUNDLE_IDENTIFIER = "com.Delta-Develop.TurnoutTracker";
				PRODUCT_NAME = "$(TARGET_NAME)";
				SWIFT_VERSION = 5.0;
				TARGETED_DEVICE_FAMILY = 1;
			};
			name = Release;
		};
/* End XCBuildConfiguration section */

/* Begin XCConfigurationList section */
		DC279F24249D7D6400B0A7A9 /* Build configuration list for PBXProject "Turnout Tracker" */ = {
			isa = XCConfigurationList;
			buildConfigurations = (
				DC279F3E249D7D6600B0A7A9 /* Debug */,
				DC279F3F249D7D6600B0A7A9 /* Release */,
			);
			defaultConfigurationIsVisible = 0;
			defaultConfigurationName = Release;
		};
		DC279F40249D7D6600B0A7A9 /* Build configuration list for PBXNativeTarget "Turnout Tracker" */ = {
			isa = XCConfigurationList;
			buildConfigurations = (
				DC279F41249D7D6600B0A7A9 /* Debug */,
				DC279F42249D7D6600B0A7A9 /* Release */,
			);
			defaultConfigurationIsVisible = 0;
			defaultConfigurationName = Release;
		};
/* End XCConfigurationList section */

/* Begin XCVersionGroup section */
		DC279F30249D7D6400B0A7A9 /* Eventend.xcdatamodeld */ = {
			isa = XCVersionGroup;
			children = (
				DC279F31249D7D6400B0A7A9 /* Eventend.xcdatamodel */,
			);
			currentVersion = DC279F31249D7D6400B0A7A9 /* Eventend.xcdatamodel */;
			path = Eventend.xcdatamodeld;
			sourceTree = "<group>";
			versionGroupType = wrapper.xcdatamodel;
		};
/* End XCVersionGroup section */
	};
	rootObject = DC279F21249D7D6400B0A7A9 /* Project object */;
}
